
Microsoft Visual Studio Solution File, Format Version 12.00
# Visual Studio Version 17
VisualStudioVersion = 17.10.34928.147
MinimumVisualStudioVersion = 10.0.40219.1
Project("{FAE04EC0-301F-11D3-BF4B-00C04F79EFBC}") = "AppointmentsManager.Server", "AppointmentsManager.Server\AppointmentsManager.Server.csproj", "{59C1AB87-E043-4C02-950A-87DABE706F50}"
EndProject
Project("{54A90642-561A-4BB1-A94E-469ADEE60C69}") = "appointmentsmanager.client", "appointmentsmanager.client\appointmentsmanager.client.esproj", "{E2D92182-B515-4F7F-8CB3-63E53A0DA8C2}"
EndProject
Global
	GlobalSection(SolutionConfigurationPlatforms) = preSolution
		Debug|Any CPU = Debug|Any CPU
		Release|Any CPU = Release|Any CPU
	EndGlobalSection
	GlobalSection(ProjectConfigurationPlatforms) = postSolution
		{59C1AB87-E043-4C02-950A-87DABE706F50}.Debug|Any CPU.ActiveCfg = Debug|Any CPU
		{59C1AB87-E043-4C02-950A-87DABE706F50}.Debug|Any CPU.Build.0 = Debug|Any CPU
		{59C1AB87-E043-4C02-950A-87DABE706F50}.Release|Any CPU.ActiveCfg = Release|Any CPU
		{59C1AB87-E043-4C02-950A-87DABE706F50}.Release|Any CPU.Build.0 = Release|Any CPU
		{E2D92182-B515-4F7F-8CB3-63E53A0DA8C2}.Debug|Any CPU.ActiveCfg = Debug|Any CPU
		{E2D92182-B515-4F7F-8CB3-63E53A0DA8C2}.Debug|Any CPU.Build.0 = Debug|Any CPU
		{E2D92182-B515-4F7F-8CB3-63E53A0DA8C2}.Debug|Any CPU.Deploy.0 = Debug|Any CPU
		{E2D92182-B515-4F7F-8CB3-63E53A0DA8C2}.Release|Any CPU.ActiveCfg = Release|Any CPU
		{E2D92182-B515-4F7F-8CB3-63E53A0DA8C2}.Release|Any CPU.Build.0 = Release|Any CPU
		{E2D92182-B515-4F7F-8CB3-63E53A0DA8C2}.Release|Any CPU.Deploy.0 = Release|Any CPU
	EndGlobalSection
	GlobalSection(SolutionProperties) = preSolution
		HideSolutionNode = FALSE
	EndGlobalSection
	GlobalSection(ExtensibilityGlobals) = postSolution
		SolutionGuid = {57E7FAD8-5B0B-44D4-80D2-A9DD783E12F1}
	EndGlobalSection
EndGlobal
